{
  "name": "collatz-conjecture-vs-compression",
  "version": "1.0.0",
  "lockfileVersion": 3,
  "requires": true,
  "packages": {
    "": {
      "name": "collatz-conjecture-vs-compression",
      "version": "1.0.0",
      "license": "ISC",
      "dependencies": {
        "@mongodb-js/zstd": "^1.2.0",
        "@types/node": "^22.2.0",
        "typescript": "^5.5.4"
      }
    },
    "node_modules/@mongodb-js/zstd": {
      "version": "1.2.0",
      "resolved": "https://registry.npmjs.org/@mongodb-js/zstd/-/zstd-1.2.0.tgz",
      "integrity": "sha512-sKHsJU2MXsp822IFXOHw/4mpFulScNHpZzVy1Zi5k5wBsdiAPx1QramyOXZkpacla+2QPEC/s7TxPlEhG/HuNQ==",
      "engines": {
        "node": ">= 10"
      },
      "optionalDependencies": {
        "@mongodb-js/zstd-darwin-arm64": "1.2.0",
        "@mongodb-js/zstd-darwin-x64": "1.2.0",
        "@mongodb-js/zstd-linux-arm64-gnu": "1.2.0",
        "@mongodb-js/zstd-linux-arm64-musl": "1.2.0",
        "@mongodb-js/zstd-linux-x64-gnu": "1.2.0",
        "@mongodb-js/zstd-linux-x64-musl": "1.2.0",
        "@mongodb-js/zstd-win32-x64-msvc": "1.2.0"
      }
    },
    "node_modules/@mongodb-js/zstd-darwin-arm64": {
      "version": "1.2.0",
      "resolved": "https://registry.npmjs.org/@mongodb-js/zstd-darwin-arm64/-/zstd-darwin-arm64-1.2.0.tgz",
      "integrity": "sha512-QWgW6IkWp3ErBXOvlOj9lw3lwMfey7eXh/p/Srb/7sEiu1e0yEO+LQ8IctmDWh8bfznKXmwUC0h7LKDbYR30yw==",
      "cpu": [
        "arm64"
      ],
      "optional": true,
      "os": [
        "darwin"
      ],
      "engines": {
        "node": ">= 10"
      }
    },
    "node_modules/@mongodb-js/zstd-darwin-x64": {
      "version": "1.2.0",
      "resolved": "https://registry.npmjs.org/@mongodb-js/zstd-darwin-x64/-/zstd-darwin-x64-1.2.0.tgz",
      "integrity": "sha512-VnxYO8P2SWubdnydGId5+6veO6Ki6nxCr/pTaDZd8s4Urn6bDdXSX6YsZ0r42dO3Fa0FVYzrlcVAuNB67e2b6w==",
      "cpu": [
        "x64"
      ],
      "optional": true,
      "os": [
        "darwin"
      ],
      "engines": {
        "node": ">= 10"
      }
    },
    "node_modules/@mongodb-js/zstd-linux-arm64-gnu": {
      "version": "1.2.0",
      "resolved": "https://registry.npmjs.org/@mongodb-js/zstd-linux-arm64-gnu/-/zstd-linux-arm64-gnu-1.2.0.tgz",
      "integrity": "sha512-TYF0XgNJW6UrvtY2u4Uuo5HiVWNgWNZ/ae2BhVp8hNsDhwFqb/YNoyiZqBei6whUwr8hecMy0UaHAXm3h+O2+Q==",
      "cpu": [
        "arm64"
      ],
      "optional": true,
      "os": [
        "linux"
      ],
      "engines": {
        "node": ">= 10"
      }
    },
    "node_modules/@mongodb-js/zstd-linux-arm64-musl": {
      "version": "1.2.0",
      "resolved": "https://registry.npmjs.org/@mongodb-js/zstd-linux-arm64-musl/-/zstd-linux-arm64-musl-1.2.0.tgz",
      "integrity": "sha512-e2ClmJI1BvJq23VSLH14hgjjjcMOad3R/Ap7Q7dTa1uiVSJG4xKd2CmrWQgX1Az4/EfUMWEI7pb4yuanbdd2AQ==",
      "cpu": [
        "arm64"
      ],
      "optional": true,
      "os": [
        "linux"
      ],
      "engines": {
        "node": ">= 10"
      }
    },
    "node_modules/@mongodb-js/zstd-linux-x64-gnu": {
      "version": "1.2.0",
      "resolved": "https://registry.npmjs.org/@mongodb-js/zstd-linux-x64-gnu/-/zstd-linux-x64-gnu-1.2.0.tgz",
      "integrity": "sha512-JuoK8lxUlkFPDBfsBUJKnLxpXA5ar+v7G43lIUlBKgjOp5aEWO/qQp5sNgCRnYA7x6PItYqIkEJjsays4N6JOA==",
      "cpu": [
        "x64"
      ],
      "optional": true,
      "os": [
        "linux"
      ],
      "engines": {
        "node": ">= 10"
      }
    },
    "node_modules/@mongodb-js/zstd-linux-x64-musl": {
      "version": "1.2.0",
      "resolved": "https://registry.npmjs.org/@mongodb-js/zstd-linux-x64-musl/-/zstd-linux-x64-musl-1.2.0.tgz",
      "integrity": "sha512-pSb1iUF3Gc/qrJuP/Mi5ry4YFAUdUVFKNRZh1KTDDhSWyRCLd9gKcNdRnXqJjIdeGGEKf4bhtZAbYw4i/g0foA==",
      "cpu": [
        "x64"
      ],
      "optional": true,
      "os": [
        "linux"
      ],
      "engines": {
        "node": ">= 10"
      }
    },
    "node_modules/@mongodb-js/zstd-win32-x64-msvc": {
      "version": "1.2.0",
      "resolved": "https://registry.npmjs.org/@mongodb-js/zstd-win32-x64-msvc/-/zstd-win32-x64-msvc-1.2.0.tgz",
      "integrity": "sha512-iz4Yl+WK3yr/4Yg6F4tKz3X9+yMZDK6pyBMA0CdXydSDZs6o2XQ2I0ZSu3oSk/ACfaZX3SNfRi3XTGgAM1eKZA==",
      "cpu": [
        "x64"
      ],
      "optional": true,
      "os": [
        "win32"
      ],
      "engines": {
        "node": ">= 10"
      }
    },
    "node_modules/@types/node": {
      "version": "22.2.0",
      "resolved": "https://registry.npmjs.org/@types/node/-/node-22.2.0.tgz",
      "integrity": "sha512-bm6EG6/pCpkxDf/0gDNDdtDILMOHgaQBVOJGdwsqClnxA3xL6jtMv76rLBc006RVMWbmaf0xbmom4Z/5o2nRkQ==",
      "dependencies": {
        "undici-types": "~6.13.0"
      }
    },
    "node_modules/typescript": {
      "version": "5.5.4",
      "resolved": "https://registry.npmjs.org/typescript/-/typescript-5.5.4.tgz",
      "integrity": "sha512-Mtq29sKDAEYP7aljRgtPOpTvOfbwRWlS6dPRzwjdE+C0R4brX/GUyhHSecbHMFLNBLcJIPt9nl9yG5TZ1weH+Q==",
      "bin": {
        "tsc": "bin/tsc",
        "tsserver": "bin/tsserver"
      },
      "engines": {
        "node": ">=14.17"
      }
    },
    "node_modules/undici-types": {
      "version": "6.13.0",
      "resolved": "https://registry.npmjs.org/undici-types/-/undici-types-6.13.0.tgz",
      "integrity": "sha512-xtFJHudx8S2DSoujjMd1WeWvn7KKWFRESZTMeL1RptAYERu29D6jphMjjY+vn96jvN3kVPDNxU/E13VTaXj6jg=="
    }
  }
}
